{
  "name": "html",
  "version": "1.0.0",
  "lockfileVersion": 1,
  "requires": true,
  "dependencies": {
    "hyphenate-style-name": {
      "version": "1.0.2",
      "resolved": "https://registry.npmjs.org/hyphenate-style-name/-/hyphenate-style-name-1.0.2.tgz",
      "integrity": "sha1-MRYKNpMK2vH8BMYHT360FGXU7Es="
    },
    "jss-camel-case": {
      "version": "6.1.0",
      "resolved": "https://registry.npmjs.org/jss-camel-case/-/jss-camel-case-6.1.0.tgz",
      "integrity": "sha512-HPF2Q7wmNW1t79mCqSeU2vdd/vFFGpkazwvfHMOhPlMgXrJDzdj9viA2SaHk9ZbD5pfL63a8ylp4++irYbbzMQ==",
      "requires": {
        "hyphenate-style-name": "1.0.2"
      }
    }
  }
}
